version: 4
environments:
  default:
    channels:
    - url: https://conda.anaconda.org/conda-forge/
    packages:
      linux-64:
      - conda: https://conda.anaconda.org/conda-forge/linux-64/_libgcc_mutex-0.1-conda_forge.tar.bz2
      - conda: https://conda.anaconda.org/conda-forge/linux-64/_openmp_mutex-4.5-2_gnu.tar.bz2
      - conda: https://conda.anaconda.org/conda-forge/linux-64/geos-3.12.1-h59595ed_0.conda
      - conda: https://conda.anaconda.org/conda-forge/linux-64/libgcc-ng-13.2.0-h807b86a_5.conda
      - conda: https://conda.anaconda.org/conda-forge/linux-64/libgomp-13.2.0-h807b86a_5.conda
      - conda: https://conda.anaconda.org/conda-forge/linux-64/libstdcxx-ng-13.2.0-h7e041cc_5.conda
      osx-arm64:
      - conda: https://conda.anaconda.org/conda-forge/osx-arm64/geos-3.12.1-h965bd2d_0.conda
      - conda: https://conda.anaconda.org/conda-forge/osx-arm64/libcxx-16.0.6-h4653b0c_0.conda
packages:
- kind: conda
  name: _libgcc_mutex
  version: '0.1'
  build: conda_forge
  subdir: linux-64
  url: https://conda.anaconda.org/conda-forge/linux-64/_libgcc_mutex-0.1-conda_forge.tar.bz2
  sha256: fe51de6107f9edc7aa4f786a70f4a883943bc9d39b3bb7307c04c41410990726
  md5: d7c89558ba9fa0495403155b64376d81
  license: None
  size: 2562
  timestamp: 1578324546067
- kind: conda
  name: _openmp_mutex
  version: '4.5'
  build: 2_gnu
  build_number: 16
  subdir: linux-64
  url: https://conda.anaconda.org/conda-forge/linux-64/_openmp_mutex-4.5-2_gnu.tar.bz2
  sha256: fbe2c5e56a653bebb982eda4876a9178aedfc2b545f25d0ce9c4c0b508253d22
  md5: 73aaf86a425cc6e73fcf236a5a46396d
  depends:
  - _libgcc_mutex 0.1 conda_forge
  - libgomp >=7.5.0
  constrains:
  - openmp_impl 9999
  license: BSD-3-Clause
  license_family: BSD
  size: 23621
  timestamp: 1650670423406
- kind: conda
  name: geos
  version: 3.12.1
  build: h59595ed_0
  subdir: linux-64
  url: https://conda.anaconda.org/conda-forge/linux-64/geos-3.12.1-h59595ed_0.conda
  sha256: 2593b255cb9c4639d6ea261c47aaed1380216a366546f0468e95c36c2afd1c1a
  md5: 8c0f4f71f5a59ceb0c6fa9f51501066d
  depends:
  - libgcc-ng >=12
  - libstdcxx-ng >=12
  license: LGPL-2.1-only
  size: 1736070
  timestamp: 1699778102442
- kind: conda
  name: geos
  version: 3.12.1
  build: h965bd2d_0
  subdir: osx-arm64
  url: https://conda.anaconda.org/conda-forge/osx-arm64/geos-3.12.1-h965bd2d_0.conda
  sha256: 9cabd90e43caf8fe63a80909775f1ac76814f0666bf6fe7ba836d077a6d4dcf3
  md5: 0f28efe509ee998b3a09e571191d406a
  depends:
  - __osx >=10.9
  - libcxx >=16.0.6
  license: LGPL-2.1-only
  size: 1376991
  timestamp: 1699778806863
- kind: conda
  name: libcxx
  version: 16.0.6
  build: h4653b0c_0
  subdir: osx-arm64
  url: https://conda.anaconda.org/conda-forge/osx-arm64/libcxx-16.0.6-h4653b0c_0.conda
  sha256: 11d3fb51c14832d9e4f6d84080a375dec21ea8a3a381a1910e67ff9cedc20355
  md5: 9d7d724faf0413bf1dbc5a85935700c8
  license: Apache-2.0 WITH LLVM-exception
  license_family: Apache
  size: 1160232
  timestamp: 1686896993785
- kind: conda
  name: libgcc-ng
  version: 13.2.0
  build: h807b86a_5
  build_number: 5
  subdir: linux-64
  url: https://conda.anaconda.org/conda-forge/linux-64/libgcc-ng-13.2.0-h807b86a_5.conda
  sha256: d32f78bfaac282cfe5205f46d558704ad737b8dbf71f9227788a5ca80facaba4
  md5: d4ff227c46917d3b4565302a2bbb276b
  depends:
  - _libgcc_mutex 0.1 conda_forge
  - _openmp_mutex >=4.5
  constrains:
  - libgomp 13.2.0 h807b86a_5
  license: GPL-3.0-only WITH GCC-exception-3.1
  license_family: GPL
  size: 770506
  timestamp: 1706819192021
- kind: conda
  name: libgomp
  version: 13.2.0
  build: h807b86a_5
  build_number: 5
  subdir: linux-64
  url: https://conda.anaconda.org/conda-forge/linux-64/libgomp-13.2.0-h807b86a_5.conda
  sha256: 0d3d4b1b0134283ea02d58e8eb5accf3655464cf7159abf098cc694002f8d34e
  md5: d211c42b9ce49aee3734fdc828731689
  depends:
  - _libgcc_mutex 0.1 conda_forge
  license: GPL-3.0-only WITH GCC-exception-3.1
  license_family: GPL
  size: 419751
  timestamp: 1706819107383
- kind: conda
  name: libstdcxx-ng
  version: 13.2.0
  build: h7e041cc_5
  build_number: 5
  subdir: linux-64
  url: https://conda.anaconda.org/conda-forge/linux-64/libstdcxx-ng-13.2.0-h7e041cc_5.conda
  sha256: a56c5b11f1e73a86e120e6141a42d9e935a99a2098491ac9e15347a1476ce777
  md5: f6f6600d18a4047b54f803cf708b868a
  license: GPL-3.0-only WITH GCC-exception-3.1
  license_family: GPL
  size: 3834139
  timestamp: 1706819252496
